// !$*UTF8*$!
{
	archiveVersion = 1;
	classes = {
	};
	objectVersion = 55;
	objects = {

/* Begin PBXBuildFile section */
		286130E62811610500CF8D2C /* RaceController.swift in Sources */ = {isa = PBXBuildFile; fileRef = 286130E52811610500CF8D2C /* RaceController.swift */; };
		A072305C27F6DD3200B030B7 /* Image.swift in Sources */ = {isa = PBXBuildFile; fileRef = A072305B27F6DD3200B030B7 /* Image.swift */; };
		A0C56EA127F586B100A9F191 /* AppDelegate.swift in Sources */ = {isa = PBXBuildFile; fileRef = A0C56EA027F586B100A9F191 /* AppDelegate.swift */; };
		A0C56EA327F586B100A9F191 /* SceneDelegate.swift in Sources */ = {isa = PBXBuildFile; fileRef = A0C56EA227F586B100A9F191 /* SceneDelegate.swift */; };
		A0C56EA527F586B100A9F191 /* ViewController.swift in Sources */ = {isa = PBXBuildFile; fileRef = A0C56EA427F586B100A9F191 /* ViewController.swift */; };
		A0C56EA827F586B100A9F191 /* Main.storyboard in Resources */ = {isa = PBXBuildFile; fileRef = A0C56EA627F586B100A9F191 /* Main.storyboard */; };
		A0C56EAA27F586B600A9F191 /* Assets.xcassets in Resources */ = {isa = PBXBuildFile; fileRef = A0C56EA927F586B600A9F191 /* Assets.xcassets */; };
		A0C56EAD27F586B600A9F191 /* LaunchScreen.storyboard in Resources */ = {isa = PBXBuildFile; fileRef = A0C56EAB27F586B600A9F191 /* LaunchScreen.storyboard */; };
		A0C56EB827F586B600A9F191 /* DogTests.swift in Sources */ = {isa = PBXBuildFile; fileRef = A0C56EB727F586B600A9F191 /* DogTests.swift */; };
		A0C56EC227F586B600A9F191 /* DogUITests.swift in Sources */ = {isa = PBXBuildFile; fileRef = A0C56EC127F586B600A9F191 /* DogUITests.swift */; };
		A0C56EC427F586B600A9F191 /* DogUITestsLaunchTests.swift in Sources */ = {isa = PBXBuildFile; fileRef = A0C56EC327F586B600A9F191 /* DogUITestsLaunchTests.swift */; };
		A0C56ED127F587F000A9F191 /* Dog.swift in Sources */ = {isa = PBXBuildFile; fileRef = A0C56ED027F587F000A9F191 /* Dog.swift */; };
		A0C56ED527F5ADCE00A9F191 /* DogController.swift in Sources */ = {isa = PBXBuildFile; fileRef = A0C56ED427F5ADCE00A9F191 /* DogController.swift */; };
/* End PBXBuildFile section */

/* Begin PBXContainerItemProxy section */
		A0C56EB427F586B600A9F191 /* PBXContainerItemProxy */ = {
			isa = PBXContainerItemProxy;
			containerPortal = A0C56E9527F586B100A9F191 /* Project object */;
			proxyType = 1;
			remoteGlobalIDString = A0C56E9C27F586B100A9F191;
			remoteInfo = Dog;
		};
		A0C56EBE27F586B600A9F191 /* PBXContainerItemProxy */ = {
			isa = PBXContainerItemProxy;
			containerPortal = A0C56E9527F586B100A9F191 /* Project object */;
			proxyType = 1;
			remoteGlobalIDString = A0C56E9C27F586B100A9F191;
			remoteInfo = Dog;
		};
/* End PBXContainerItemProxy section */

/* Begin PBXFileReference section */
		286130E52811610500CF8D2C /* RaceController.swift */ = {isa = PBXFileReference; lastKnownFileType = sourcecode.swift; path = RaceController.swift; sourceTree = "<group>"; };
		A072305B27F6DD3200B030B7 /* Image.swift */ = {isa = PBXFileReference; lastKnownFileType = sourcecode.swift; path = Image.swift; sourceTree = "<group>"; };
		A0C56E9D27F586B100A9F191 /* Dog.app */ = {isa = PBXFileReference; explicitFileType = wrapper.application; includeInIndex = 0; path = Dog.app; sourceTree = BUILT_PRODUCTS_DIR; };
		A0C56EA027F586B100A9F191 /* AppDelegate.swift */ = {isa = PBXFileReference; lastKnownFileType = sourcecode.swift; path = AppDelegate.swift; sourceTree = "<group>"; };
		A0C56EA227F586B100A9F191 /* SceneDelegate.swift */ = {isa = PBXFileReference; lastKnownFileType = sourcecode.swift; path = SceneDelegate.swift; sourceTree = "<group>"; };
		A0C56EA427F586B100A9F191 /* ViewController.swift */ = {isa = PBXFileReference; lastKnownFileType = sourcecode.swift; path = ViewController.swift; sourceTree = "<group>"; };
		A0C56EA727F586B100A9F191 /* Base */ = {isa = PBXFileReference; lastKnownFileType = file.storyboard; name = Base; path = Base.lproj/Main.storyboard; sourceTree = "<group>"; };
		A0C56EA927F586B600A9F191 /* Assets.xcassets */ = {isa = PBXFileReference; lastKnownFileType = folder.assetcatalog; path = Assets.xcassets; sourceTree = "<group>"; };
		A0C56EAC27F586B600A9F191 /* Base */ = {isa = PBXFileReference; lastKnownFileType = file.storyboard; name = Base; path = Base.lproj/LaunchScreen.storyboard; sourceTree = "<group>"; };
		A0C56EAE27F586B600A9F191 /* Info.plist */ = {isa = PBXFileReference; lastKnownFileType = text.plist.xml; path = Info.plist; sourceTree = "<group>"; };
		A0C56EB327F586B600A9F191 /* DogTests.xctest */ = {isa = PBXFileReference; explicitFileType = wrapper.cfbundle; includeInIndex = 0; path = DogTests.xctest; sourceTree = BUILT_PRODUCTS_DIR; };
		A0C56EB727F586B600A9F191 /* DogTests.swift */ = {isa = PBXFileReference; lastKnownFileType = sourcecode.swift; path = DogTests.swift; sourceTree = "<group>"; };
		A0C56EBD27F586B600A9F191 /* DogUITests.xctest */ = {isa = PBXFileReference; explicitFileType = wrapper.cfbundle; includeInIndex = 0; path = DogUITests.xctest; sourceTree = BUILT_PRODUCTS_DIR; };
		A0C56EC127F586B600A9F191 /* DogUITests.swift */ = {isa = PBXFileReference; lastKnownFileType = sourcecode.swift; path = DogUITests.swift; sourceTree = "<group>"; };
		A0C56EC327F586B600A9F191 /* DogUITestsLaunchTests.swift */ = {isa = PBXFileReference; lastKnownFileType = sourcecode.swift; path = DogUITestsLaunchTests.swift; sourceTree = "<group>"; };
		A0C56ED027F587F000A9F191 /* Dog.swift */ = {isa = PBXFileReference; lastKnownFileType = sourcecode.swift; path = Dog.swift; sourceTree = "<group>"; };
		A0C56ED427F5ADCE00A9F191 /* DogController.swift */ = {isa = PBXFileReference; lastKnownFileType = sourcecode.swift; path = DogController.swift; sourceTree = "<group>"; };
/* End PBXFileReference section */

/* Begin PBXFrameworksBuildPhase section */
		A0C56E9A27F586B100A9F191 /* Frameworks */ = {
			isa = PBXFrameworksBuildPhase;
			buildActionMask = 2147483647;
			files = (
			);
			runOnlyForDeploymentPostprocessing = 0;
		};
		A0C56EB027F586B600A9F191 /* Frameworks */ = {
			isa = PBXFrameworksBuildPhase;
			buildActionMask = 2147483647;
			files = (
			);
			runOnlyForDeploymentPostprocessing = 0;
		};
		A0C56EBA27F586B600A9F191 /* Frameworks */ = {
			isa = PBXFrameworksBuildPhase;
			buildActionMask = 2147483647;
			files = (
			);
			runOnlyForDeploymentPostprocessing = 0;
		};
/* End PBXFrameworksBuildPhase section */

/* Begin PBXGroup section */
		A0C56E9427F586B100A9F191 = {
			isa = PBXGroup;
			children = (
				A0C56E9F27F586B100A9F191 /* Dog */,
				A0C56EB627F586B600A9F191 /* DogTests */,
				A0C56EC027F586B600A9F191 /* DogUITests */,
				A0C56E9E27F586B100A9F191 /* Products */,
			);
			sourceTree = "<group>";
		};
		A0C56E9E27F586B100A9F191 /* Products */ = {
			isa = PBXGroup;
			children = (
				A0C56E9D27F586B100A9F191 /* Dog.app */,
				A0C56EB327F586B600A9F191 /* DogTests.xctest */,
				A0C56EBD27F586B600A9F191 /* DogUITests.xctest */,
			);
			name = Products;
			sourceTree = "<group>";
		};
		A0C56E9F27F586B100A9F191 /* Dog */ = {
			isa = PBXGroup;
			children = (
				A0C56EA027F586B100A9F191 /* AppDelegate.swift */,
				A0C56EA227F586B100A9F191 /* SceneDelegate.swift */,
				A0C56EA427F586B100A9F191 /* ViewController.swift */,
				A0C56EA627F586B100A9F191 /* Main.storyboard */,
				A0C56ED427F5ADCE00A9F191 /* DogController.swift */,
				A0C56ED027F587F000A9F191 /* Dog.swift */,
				A072305B27F6DD3200B030B7 /* Image.swift */,
				A0C56EA927F586B600A9F191 /* Assets.xcassets */,
				A0C56EAB27F586B600A9F191 /* LaunchScreen.storyboard */,
				A0C56EAE27F586B600A9F191 /* Info.plist */,
				286130E52811610500CF8D2C /* RaceController.swift */,
			);
			path = Dog;
			sourceTree = "<group>";
		};
		A0C56EB627F586B600A9F191 /* DogTests */ = {
			isa = PBXGroup;
			children = (
				A0C56EB727F586B600A9F191 /* DogTests.swift */,
			);
			path = DogTests;
			sourceTree = "<group>";
		};
		A0C56EC027F586B600A9F191 /* DogUITests */ = {
			isa = PBXGroup;
			children = (
				A0C56EC127F586B600A9F191 /* DogUITests.swift */,
				A0C56EC327F586B600A9F191 /* DogUITestsLaunchTests.swift */,
			);
			path = DogUITests;
			sourceTree = "<group>";
		};
/* End PBXGroup section */

/* Begin PBXNativeTarget section */
		A0C56E9C27F586B100A9F191 /* Dog */ = {
			isa = PBXNativeTarget;
			buildConfigurationList = A0C56EC727F586B600A9F191 /* Build configuration list for PBXNativeTarget "Dog" */;
			buildPhases = (
				A0C56E9927F586B100A9F191 /* Sources */,
				A0C56E9A27F586B100A9F191 /* Frameworks */,
				A0C56E9B27F586B100A9F191 /* Resources */,
			);
			buildRules = (
			);
			dependencies = (
			);
			name = Dog;
			productName = Dog;
			productReference = A0C56E9D27F586B100A9F191 /* Dog.app */;
			productType = "com.apple.product-type.application";
		};
		A0C56EB227F586B600A9F191 /* DogTests */ = {
			isa = PBXNativeTarget;
			buildConfigurationList = A0C56ECA27F586B600A9F191 /* Build configuration list for PBXNativeTarget "DogTests" */;
			buildPhases = (
				A0C56EAF27F586B600A9F191 /* Sources */,
				A0C56EB027F586B600A9F191 /* Frameworks */,
				A0C56EB127F586B600A9F191 /* Resources */,
			);
			buildRules = (
			);
			dependencies = (
				A0C56EB527F586B600A9F191 /* PBXTargetDependency */,
			);
			name = DogTests;
			productName = DogTests;
			productReference = A0C56EB327F586B600A9F191 /* DogTests.xctest */;
			productType = "com.apple.product-type.bundle.unit-test";
		};
		A0C56EBC27F586B600A9F191 /* DogUITests */ = {
			isa = PBXNativeTarget;
			buildConfigurationList = A0C56ECD27F586B600A9F191 /* Build configuration list for PBXNativeTarget "DogUITests" */;
			buildPhases = (
				A0C56EB927F586B600A9F191 /* Sources */,
				A0C56EBA27F586B600A9F191 /* Frameworks */,
				A0C56EBB27F586B600A9F191 /* Resources */,
			);
			buildRules = (
			);
			dependencies = (
				A0C56EBF27F586B600A9F191 /* PBXTargetDependency */,
			);
			name = DogUITests;
			productName = DogUITests;
			productReference = A0C56EBD27F586B600A9F191 /* DogUITests.xctest */;
			productType = "com.apple.product-type.bundle.ui-testing";
		};
/* End PBXNativeTarget section */

/* Begin PBXProject section */
		A0C56E9527F586B100A9F191 /* Project object */ = {
			isa = PBXProject;
			attributes = {
				BuildIndependentTargetsInParallel = 1;
				LastSwiftUpdateCheck = 1330;
				LastUpgradeCheck = 1330;
				TargetAttributes = {
					A0C56E9C27F586B100A9F191 = {
						CreatedOnToolsVersion = 13.3;
					};
					A0C56EB227F586B600A9F191 = {
						CreatedOnToolsVersion = 13.3;
						TestTargetID = A0C56E9C27F586B100A9F191;
					};
					A0C56EBC27F586B600A9F191 = {
						CreatedOnToolsVersion = 13.3;
						TestTargetID = A0C56E9C27F586B100A9F191;
					};
				};
			};
			buildConfigurationList = A0C56E9827F586B100A9F191 /* Build configuration list for PBXProject "Dog" */;
			compatibilityVersion = "Xcode 13.0";
			developmentRegion = en;
			hasScannedForEncodings = 0;
			knownRegions = (
				en,
				Base,
			);
			mainGroup = A0C56E9427F586B100A9F191;
			productRefGroup = A0C56E9E27F586B100A9F191 /* Products */;
			projectDirPath = "";
			projectRoot = "";
			targets = (
				A0C56E9C27F586B100A9F191 /* Dog */,
				A0C56EB227F586B600A9F191 /* DogTests */,
				A0C56EBC27F586B600A9F191 /* DogUITests */,
			);
		};
/* End PBXProject section */

/* Begin PBXResourcesBuildPhase section */
		A0C56E9B27F586B100A9F191 /* Resources */ = {
			isa = PBXResourcesBuildPhase;
			buildActionMask = 2147483647;
			files = (
				A0C56EAD27F586B600A9F191 /* LaunchScreen.storyboard in Resources */,
				A0C56EAA27F586B600A9F191 /* Assets.xcassets in Resources */,
				A0C56EA827F586B100A9F191 /* Main.storyboard in Resources */,
			);
			runOnlyForDeploymentPostprocessing = 0;
		};
		A0C56EB127F586B600A9F191 /* Resources */ = {
			isa = PBXResourcesBuildPhase;
			buildActionMask = 2147483647;
			files = (
			);
			runOnlyForDeploymentPostprocessing = 0;
		};
		A0C56EBB27F586B600A9F191 /* Resources */ = {
			isa = PBXResourcesBuildPhase;
			buildActionMask = 2147483647;
			files = (
			);
			runOnlyForDeploymentPostprocessing = 0;
		};
/* End PBXResourcesBuildPhase section */

/* Begin PBXSourcesBuildPhase section */
		A0C56E9927F586B100A9F191 /* Sources */ = {
			isa = PBXSourcesBuildPhase;
			buildActionMask = 2147483647;
			files = (
				A0C56EA527F586B100A9F191 /* ViewController.swift in Sources */,
				A072305C27F6DD3200B030B7 /* Image.swift in Sources */,
				A0C56EA127F586B100A9F191 /* AppDelegate.swift in Sources */,
				A0C56ED127F587F000A9F191 /* Dog.swift in Sources */,
				286130E62811610500CF8D2C /* RaceController.swift in Sources */,
				A0C56ED527F5ADCE00A9F191 /* DogController.swift in Sources */,
				A0C56EA327F586B100A9F191 /* SceneDelegate.swift in Sources */,
			);
			runOnlyForDeploymentPostprocessing = 0;
		};
		A0C56EAF27F586B600A9F191 /* Sources */ = {
			isa = PBXSourcesBuildPhase;
			buildActionMask = 2147483647;
			files = (
				A0C56EB827F586B600A9F191 /* DogTests.swift in Sources */,
			);
			runOnlyForDeploymentPostprocessing = 0;
		};
		A0C56EB927F586B600A9F191 /* Sources */ = {
			isa = PBXSourcesBuildPhase;
			buildActionMask = 2147483647;
			files = (
				A0C56EC227F586B600A9F191 /* DogUITests.swift in Sources */,
				A0C56EC427F586B600A9F191 /* DogUITestsLaunchTests.swift in Sources */,
			);
			runOnlyForDeploymentPostprocessing = 0;
		};
/* End PBXSourcesBuildPhase section */

/* Begin PBXTargetDependency section */
		A0C56EB527F586B600A9F191 /* PBXTargetDependency */ = {
			isa = PBXTargetDependency;
			target = A0C56E9C27F586B100A9F191 /* Dog */;
			targetProxy = A0C56EB427F586B600A9F191 /* PBXContainerItemProxy */;
		};
		A0C56EBF27F586B600A9F191 /* PBXTargetDependency */ = {
			isa = PBXTargetDependency;
			target = A0C56E9C27F586B100A9F191 /* Dog */;
			targetProxy = A0C56EBE27F586B600A9F191 /* PBXContainerItemProxy */;
		};
/* End PBXTargetDependency section */

/* Begin PBXVariantGroup section */
		A0C56EA627F586B100A9F191 /* Main.storyboard */ = {
			isa = PBXVariantGroup;
			children = (
				A0C56EA727F586B100A9F191 /* Base */,
			);
			name = Main.storyboard;
			sourceTree = "<group>";
		};
		A0C56EAB27F586B600A9F191 /* LaunchScreen.storyboard */ = {
			isa = PBXVariantGroup;
			children = (
				A0C56EAC27F586B600A9F191 /* Base */,
			);
			name = LaunchScreen.storyboard;
			sourceTree = "<group>";
		};
/* End PBXVariantGroup section */

/* Begin XCBuildConfiguration section */
		A0C56EC527F586B600A9F191 /* Debug */ = {
			isa = XCBuildConfiguration;
			buildSettings = {
				ALWAYS_SEARCH_USER_PATHS = NO;
				CLANG_ANALYZER_NONNULL = YES;
				CLANG_ANALYZER_NUMBER_OBJECT_CONVERSION = YES_AGGRESSIVE;
				CLANG_CXX_LANGUAGE_STANDARD = "gnu++17";
				CLANG_ENABLE_MODULES = YES;
				CLANG_ENABLE_OBJC_ARC = YES;
				CLANG_ENABLE_OBJC_WEAK = YES;
				CLANG_WARN_BLOCK_CAPTURE_AUTORELEASING = YES;
				CLANG_WARN_BOOL_CONVERSION = YES;
				CLANG_WARN_COMMA = YES;
				CLANG_WARN_CONSTANT_CONVERSION = YES;
				CLANG_WARN_DEPRECATED_OBJC_IMPLEMENTATIONS = YES;
				CLANG_WARN_DIRECT_OBJC_ISA_USAGE = YES_ERROR;
				CLANG_WARN_DOCUMENTATION_COMMENTS = YES;
				CLANG_WARN_EMPTY_BODY = YES;
				CLANG_WARN_ENUM_CONVERSION = YES;
				CLANG_WARN_INFINITE_RECURSION = YES;
				CLANG_WARN_INT_CONVERSION = YES;
				CLANG_WARN_NON_LITERAL_NULL_CONVERSION = YES;
				CLANG_WARN_OBJC_IMPLICIT_RETAIN_SELF = YES;
				CLANG_WARN_OBJC_LITERAL_CONVERSION = YES;
				CLANG_WARN_OBJC_ROOT_CLASS = YES_ERROR;
				CLANG_WARN_QUOTED_INCLUDE_IN_FRAMEWORK_HEADER = YES;
				CLANG_WARN_RANGE_LOOP_ANALYSIS = YES;
				CLANG_WARN_STRICT_PROTOTYPES = YES;
				CLANG_WARN_SUSPICIOUS_MOVE = YES;
				CLANG_WARN_UNGUARDED_AVAILABILITY = YES_AGGRESSIVE;
				CLANG_WARN_UNREACHABLE_CODE = YES;
				CLANG_WARN__DUPLICATE_METHOD_MATCH = YES;
				COPY_PHASE_STRIP = NO;
				DEBUG_INFORMATION_FORMAT = dwarf;
				ENABLE_STRICT_OBJC_MSGSEND = YES;
				ENABLE_TESTABILITY = YES;
				GCC_C_LANGUAGE_STANDARD = gnu11;
				GCC_DYNAMIC_NO_PIC = NO;
				GCC_NO_COMMON_BLOCKS = YES;
				GCC_OPTIMIZATION_LEVEL = 0;
				GCC_PREPROCESSOR_DEFINITIONS = (
					"DEBUG=1",
					"$(inherited)",
				);
				GCC_WARN_64_TO_32_BIT_CONVERSION = YES;
				GCC_WARN_ABOUT_RETURN_TYPE = YES_ERROR;
				GCC_WARN_UNDECLARED_SELECTOR = YES;
				GCC_WARN_UNINITIALIZED_AUTOS = YES_AGGRESSIVE;
				GCC_WARN_UNUSED_FUNCTION = YES;
				GCC_WARN_UNUSED_VARIABLE = YES;
				IPHONEOS_DEPLOYMENT_TARGET = 15.4;
				MTL_ENABLE_DEBUG_INFO = INCLUDE_SOURCE;
				MTL_FAST_MATH = YES;
				ONLY_ACTIVE_ARCH = YES;
				SDKROOT = iphoneos;
				SWIFT_ACTIVE_COMPILATION_CONDITIONS = DEBUG;
				SWIFT_OPTIMIZATION_LEVEL = "-Onone";
			};
			name = Debug;
		};
		A0C56EC627F586B600A9F191 /* Release */ = {
			isa = XCBuildConfiguration;
			buildSettings = {
				ALWAYS_SEARCH_USER_PATHS = NO;
				CLANG_ANALYZER_NONNULL = YES;
				CLANG_ANALYZER_NUMBER_OBJECT_CONVERSION = YES_AGGRESSIVE;
				CLANG_CXX_LANGUAGE_STANDARD = "gnu++17";
				CLANG_ENABLE_MODULES = YES;
				CLANG_ENABLE_OBJC_ARC = YES;
				CLANG_ENABLE_OBJC_WEAK = YES;
				CLANG_WARN_BLOCK_CAPTURE_AUTORELEASING = YES;
				CLANG_WARN_BOOL_CONVERSION = YES;
				CLANG_WARN_COMMA = YES;
				CLANG_WARN_CONSTANT_CONVERSION = YES;
				CLANG_WARN_DEPRECATED_OBJC_IMPLEMENTATIONS = YES;
				CLANG_WARN_DIRECT_OBJC_ISA_USAGE = YES_ERROR;
				CLANG_WARN_DOCUMENTATION_COMMENTS = YES;
				CLANG_WARN_EMPTY_BODY = YES;
				CLANG_WARN_ENUM_CONVERSION = YES;
				CLANG_WARN_INFINITE_RECURSION = YES;
				CLANG_WARN_INT_CONVERSION = YES;
				CLANG_WARN_NON_LITERAL_NULL_CONVERSION = YES;
				CLANG_WARN_OBJC_IMPLICIT_RETAIN_SELF = YES;
				CLANG_WARN_OBJC_LITERAL_CONVERSION = YES;
				CLANG_WARN_OBJC_ROOT_CLASS = YES_ERROR;
				CLANG_WARN_QUOTED_INCLUDE_IN_FRAMEWORK_HEADER = YES;
				CLANG_WARN_RANGE_LOOP_ANALYSIS = YES;
				CLANG_WARN_STRICT_PROTOTYPES = YES;
				CLANG_WARN_SUSPICIOUS_MOVE = YES;
				CLANG_WARN_UNGUARDED_AVAILABILITY = YES_AGGRESSIVE;
				CLANG_WARN_UNREACHABLE_CODE = YES;
				CLANG_WARN__DUPLICATE_METHOD_MATCH = YES;
				COPY_PHASE_STRIP = NO;
				DEBUG_INFORMATION_FORMAT = "dwarf-with-dsym";
				ENABLE_NS_ASSERTIONS = NO;
				ENABLE_STRICT_OBJC_MSGSEND = YES;
				GCC_C_LANGUAGE_STANDARD = gnu11;
				GCC_NO_COMMON_BLOCKS = YES;
				GCC_WARN_64_TO_32_BIT_CONVERSION = YES;
				GCC_WARN_ABOUT_RETURN_TYPE = YES_ERROR;
				GCC_WARN_UNDECLARED_SELECTOR = YES;
				GCC_WARN_UNINITIALIZED_AUTOS = YES_AGGRESSIVE;
				GCC_WARN_UNUSED_FUNCTION = YES;
				GCC_WARN_UNUSED_VARIABLE = YES;
				IPHONEOS_DEPLOYMENT_TARGET = 15.4;
				MTL_ENABLE_DEBUG_INFO = NO;
				MTL_FAST_MATH = YES;
				SDKROOT = iphoneos;
				SWIFT_COMPILATION_MODE = wholemodule;
				SWIFT_OPTIMIZATION_LEVEL = "-O";
				VALIDATE_PRODUCT = YES;
			};
			name = Release;
		};
		A0C56EC827F586B600A9F191 /* Debug */ = {
			isa = XCBuildConfiguration;
			buildSettings = {
				ASSETCATALOG_COMPILER_APPICON_NAME = AppIcon;
				ASSETCATALOG_COMPILER_GLOBAL_ACCENT_COLOR_NAME = AccentColor;
				CODE_SIGN_STYLE = Automatic;
				CURRENT_PROJECT_VERSION = 1;
				GENERATE_INFOPLIST_FILE = YES;
				INFOPLIST_FILE = Dog/Info.plist;
				INFOPLIST_KEY_UIApplicationSupportsIndirectInputEvents = YES;
				INFOPLIST_KEY_UILaunchStoryboardName = LaunchScreen;
				INFOPLIST_KEY_UIMainStoryboardFile = Main;
				INFOPLIST_KEY_UISupportedInterfaceOrientations_iPad = "UIInterfaceOrientationPortrait UIInterfaceOrientationPortraitUpsideDown UIInterfaceOrientationLandscapeLeft UIInterfaceOrientationLandscapeRight";
				INFOPLIST_KEY_UISupportedInterfaceOrientations_iPhone = "UIInterfaceOrientationPortrait UIInterfaceOrientationLandscapeLeft UIInterfaceOrientationLandscapeRight";
				LD_RUNPATH_SEARCH_PATHS = (
					"$(inherited)",
					"@executable_path/Frameworks",
				);
				MARKETING_VERSION = 1.0;
				PRODUCT_BUNDLE_IDENTIFIER = com.webstart.Dog;
				PRODUCT_NAME = "$(TARGET_NAME)";
				SWIFT_EMIT_LOC_STRINGS = YES;
				SWIFT_VERSION = 5.0;
				TARGETED_DEVICE_FAMILY = "1,2";
			};
			name = Debug;
		};
		A0C56EC927F586B600A9F191 /* Release */ = {
			isa = XCBuildConfiguration;
			buildSettings = {
				ASSETCATALOG_COMPILER_APPICON_NAME = AppIcon;
				ASSETCATALOG_COMPILER_GLOBAL_ACCENT_COLOR_NAME = AccentColor;
				CODE_SIGN_STYLE = Automatic;
				CURRENT_PROJECT_VERSION = 1;
				GENERATE_INFOPLIST_FILE = YES;
				INFOPLIST_FILE = Dog/Info.plist;
				INFOPLIST_KEY_UIApplicationSupportsIndirectInputEvents = YES;
				INFOPLIST_KEY_UILaunchStoryboardName = LaunchScreen;
				INFOPLIST_KEY_UIMainStoryboardFile = Main;
				INFOPLIST_KEY_UISupportedInterfaceOrientations_iPad = "UIInterfaceOrientationPortrait UIInterfaceOrientationPortraitUpsideDown UIInterfaceOrientationLandscapeLeft UIInterfaceOrientationLandscapeRight";
				INFOPLIST_KEY_UISupportedInterfaceOrientations_iPhone = "UIInterfaceOrientationPortrait UIInterfaceOrientationLandscapeLeft UIInterfaceOrientationLandscapeRight";
				LD_RUNPATH_SEARCH_PATHS = (
					"$(inherited)",
					"@executable_path/Frameworks",
				);
				MARKETING_VERSION = 1.0;
				PRODUCT_BUNDLE_IDENTIFIER = com.webstart.Dog;
				PRODUCT_NAME = "$(TARGET_NAME)";
				SWIFT_EMIT_LOC_STRINGS = YES;
				SWIFT_VERSION = 5.0;
				TARGETED_DEVICE_FAMILY = "1,2";
			};
			name = Release;
		};
		A0C56ECB27F586B600A9F191 /* Debug */ = {
			isa = XCBuildConfiguration;
			buildSettings = {
				ALWAYS_EMBED_SWIFT_STANDARD_LIBRARIES = YES;
				BUNDLE_LOADER = "$(TEST_HOST)";
				CODE_SIGN_STYLE = Automatic;
				CURRENT_PROJECT_VERSION = 1;
				GENERATE_INFOPLIST_FILE = YES;
				IPHONEOS_DEPLOYMENT_TARGET = 15.4;
				MARKETING_VERSION = 1.0;
				PRODUCT_BUNDLE_IDENTIFIER = com.webstart.DogTests;
				PRODUCT_NAME = "$(TARGET_NAME)";
				SWIFT_EMIT_LOC_STRINGS = NO;
				SWIFT_VERSION = 5.0;
				TARGETED_DEVICE_FAMILY = "1,2";
				TEST_HOST = "$(BUILT_PRODUCTS_DIR)/Dog.app/Dog";
			};
			name = Debug;
		};
		A0C56ECC27F586B600A9F191 /* Release */ = {
			isa = XCBuildConfiguration;
			buildSettings = {
				ALWAYS_EMBED_SWIFT_STANDARD_LIBRARIES = YES;
				BUNDLE_LOADER = "$(TEST_HOST)";
				CODE_SIGN_STYLE = Automatic;
				CURRENT_PROJECT_VERSION = 1;
				GENERATE_INFOPLIST_FILE = YES;
				IPHONEOS_DEPLOYMENT_TARGET = 15.4;
				MARKETING_VERSION = 1.0;
				PRODUCT_BUNDLE_IDENTIFIER = com.webstart.DogTests;
				PRODUCT_NAME = "$(TARGET_NAME)";
				SWIFT_EMIT_LOC_STRINGS = NO;
				SWIFT_VERSION = 5.0;
				TARGETED_DEVICE_FAMILY = "1,2";
				TEST_HOST = "$(BUILT_PRODUCTS_DIR)/Dog.app/Dog";
			};
			name = Release;
		};
		A0C56ECE27F586B600A9F191 /* Debug */ = {
			isa = XCBuildConfiguration;
			buildSettings = {
				ALWAYS_EMBED_SWIFT_STANDARD_LIBRARIES = YES;
				CODE_SIGN_STYLE = Automatic;
				CURRENT_PROJECT_VERSION = 1;
				GENERATE_INFOPLIST_FILE = YES;
				MARKETING_VERSION = 1.0;
				PRODUCT_BUNDLE_IDENTIFIER = com.webstart.DogUITests;
				PRODUCT_NAME = "$(TARGET_NAME)";
				SWIFT_EMIT_LOC_STRINGS = NO;
				SWIFT_VERSION = 5.0;
				TARGETED_DEVICE_FAMILY = "1,2";
				TEST_TARGET_NAME = Dog;
			};
			name = Debug;
		};
		A0C56ECF27F586B600A9F191 /* Release */ = {
			isa = XCBuildConfiguration;
			buildSettings = {
				ALWAYS_EMBED_SWIFT_STANDARD_LIBRARIES = YES;
				CODE_SIGN_STYLE = Automatic;
				CURRENT_PROJECT_VERSION = 1;
				GENERATE_INFOPLIST_FILE = YES;
				MARKETING_VERSION = 1.0;
				PRODUCT_BUNDLE_IDENTIFIER = com.webstart.DogUITests;
				PRODUCT_NAME = "$(TARGET_NAME)";
				SWIFT_EMIT_LOC_STRINGS = NO;
				SWIFT_VERSION = 5.0;
				TARGETED_DEVICE_FAMILY = "1,2";
				TEST_TARGET_NAME = Dog;
			};
			name = Release;
		};
/* End XCBuildConfiguration section */

/* Begin XCConfigurationList section */
		A0C56E9827F586B100A9F191 /* Build configuration list for PBXProject "Dog" */ = {
			isa = XCConfigurationList;
			buildConfigurations = (
				A0C56EC527F586B600A9F191 /* Debug */,
				A0C56EC627F586B600A9F191 /* Release */,
			);
			defaultConfigurationIsVisible = 0;
			defaultConfigurationName = Release;
		};
		A0C56EC727F586B600A9F191 /* Build configuration list for PBXNativeTarget "Dog" */ = {
			isa = XCConfigurationList;
			buildConfigurations = (
				A0C56EC827F586B600A9F191 /* Debug */,
				A0C56EC927F586B600A9F191 /* Release */,
			);
			defaultConfigurationIsVisible = 0;
			defaultConfigurationName = Release;
		};
		A0C56ECA27F586B600A9F191 /* Build configuration list for PBXNativeTarget "DogTests" */ = {
			isa = XCConfigurationList;
			buildConfigurations = (
				A0C56ECB27F586B600A9F191 /* Debug */,
				A0C56ECC27F586B600A9F191 /* Release */,
			);
			defaultConfigurationIsVisible = 0;
			defaultConfigurationName = Release;
		};
		A0C56ECD27F586B600A9F191 /* Build configuration list for PBXNativeTarget "DogUITests" */ = {
			isa = XCConfigurationList;
			buildConfigurations = (
				A0C56ECE27F586B600A9F191 /* Debug */,
				A0C56ECF27F586B600A9F191 /* Release */,
			);
			defaultConfigurationIsVisible = 0;
			defaultConfigurationName = Release;
		};
/* End XCConfigurationList section */
	};
	rootObject = A0C56E9527F586B100A9F191 /* Project object */;
}
